
Microsoft Visual Studio Solution File, Format Version 12.00
# Visual Studio 2012
Project("{FAE04EC0-301F-11D3-BF4B-00C04F79EFBC}") = "xceler", "xceler\xceler.csproj", "{D9EC89AD-B19A-4051-B9E0-9E9CB92FDC9E}"
EndProject
Project("{FAE04EC0-301F-11D3-BF4B-00C04F79EFBC}") = "xceler.iOS", "iOS\xceler.iOS.csproj", "{C68AD545-F887-481F-9768-99357DDC954B}"
EndProject
Project("{FAE04EC0-301F-11D3-BF4B-00C04F79EFBC}") = "xceler.Droid", "Droid\xceler.Droid.csproj", "{32A6C849-DC07-4EB9-89DD-8CF82FF0995E}"
EndProject
Global
	GlobalSection(SolutionConfigurationPlatforms) = preSolution
		Debug|Any CPU = Debug|Any CPU
		Release|Any CPU = Release|Any CPU
		Debug|iPhoneSimulator = Debug|iPhoneSimulator
		Release|iPhone = Release|iPhone
		Release|iPhoneSimulator = Release|iPhoneSimulator
		Debug|iPhone = Debug|iPhone
	EndGlobalSection
	GlobalSection(ProjectConfigurationPlatforms) = postSolution
		{D9EC89AD-B19A-4051-B9E0-9E9CB92FDC9E}.Debug|Any CPU.ActiveCfg = Debug|Any CPU
		{D9EC89AD-B19A-4051-B9E0-9E9CB92FDC9E}.Debug|Any CPU.Build.0 = Debug|Any CPU
		{D9EC89AD-B19A-4051-B9E0-9E9CB92FDC9E}.Release|Any CPU.ActiveCfg = Release|Any CPU
		{D9EC89AD-B19A-4051-B9E0-9E9CB92FDC9E}.Release|Any CPU.Build.0 = Release|Any CPU
		{D9EC89AD-B19A-4051-B9E0-9E9CB92FDC9E}.Debug|iPhoneSimulator.ActiveCfg = Debug|Any CPU
		{D9EC89AD-B19A-4051-B9E0-9E9CB92FDC9E}.Debug|iPhoneSimulator.Build.0 = Debug|Any CPU
		{D9EC89AD-B19A-4051-B9E0-9E9CB92FDC9E}.Release|iPhone.ActiveCfg = Release|Any CPU
		{D9EC89AD-B19A-4051-B9E0-9E9CB92FDC9E}.Release|iPhone.Build.0 = Release|Any CPU
		{D9EC89AD-B19A-4051-B9E0-9E9CB92FDC9E}.Release|iPhoneSimulator.ActiveCfg = Release|Any CPU
		{D9EC89AD-B19A-4051-B9E0-9E9CB92FDC9E}.Release|iPhoneSimulator.Build.0 = Release|Any CPU
		{D9EC89AD-B19A-4051-B9E0-9E9CB92FDC9E}.Debug|iPhone.ActiveCfg = Debug|Any CPU
		{D9EC89AD-B19A-4051-B9E0-9E9CB92FDC9E}.Debug|iPhone.Build.0 = Debug|Any CPU
		{C68AD545-F887-481F-9768-99357DDC954B}.Debug|Any CPU.ActiveCfg = Debug|iPhoneSimulator
		{C68AD545-F887-481F-9768-99357DDC954B}.Debug|Any CPU.Build.0 = Debug|iPhoneSimulator
		{C68AD545-F887-481F-9768-99357DDC954B}.Release|Any CPU.ActiveCfg = Release|iPhone
		{C68AD545-F887-481F-9768-99357DDC954B}.Release|Any CPU.Build.0 = Release|iPhone
		{C68AD545-F887-481F-9768-99357DDC954B}.Debug|iPhoneSimulator.ActiveCfg = Debug|iPhoneSimulator
		{C68AD545-F887-481F-9768-99357DDC954B}.Debug|iPhoneSimulator.Build.0 = Debug|iPhoneSimulator
		{C68AD545-F887-481F-9768-99357DDC954B}.Release|iPhone.ActiveCfg = Release|iPhone
		{C68AD545-F887-481F-9768-99357DDC954B}.Release|iPhone.Build.0 = Release|iPhone
		{C68AD545-F887-481F-9768-99357DDC954B}.Release|iPhoneSimulator.ActiveCfg = Release|iPhoneSimulator
		{C68AD545-F887-481F-9768-99357DDC954B}.Release|iPhoneSimulator.Build.0 = Release|iPhoneSimulator
		{C68AD545-F887-481F-9768-99357DDC954B}.Debug|iPhone.ActiveCfg = Debug|iPhone
		{C68AD545-F887-481F-9768-99357DDC954B}.Debug|iPhone.Build.0 = Debug|iPhone
		{32A6C849-DC07-4EB9-89DD-8CF82FF0995E}.Debug|Any CPU.ActiveCfg = Debug|Any CPU
		{32A6C849-DC07-4EB9-89DD-8CF82FF0995E}.Debug|Any CPU.Build.0 = Debug|Any CPU
		{32A6C849-DC07-4EB9-89DD-8CF82FF0995E}.Release|Any CPU.ActiveCfg = Release|Any CPU
		{32A6C849-DC07-4EB9-89DD-8CF82FF0995E}.Release|Any CPU.Build.0 = Release|Any CPU
		{32A6C849-DC07-4EB9-89DD-8CF82FF0995E}.Debug|iPhoneSimulator.ActiveCfg = Debug|Any CPU
		{32A6C849-DC07-4EB9-89DD-8CF82FF0995E}.Debug|iPhoneSimulator.Build.0 = Debug|Any CPU
		{32A6C849-DC07-4EB9-89DD-8CF82FF0995E}.Release|iPhone.ActiveCfg = Release|Any CPU
		{32A6C849-DC07-4EB9-89DD-8CF82FF0995E}.Release|iPhone.Build.0 = Release|Any CPU
		{32A6C849-DC07-4EB9-89DD-8CF82FF0995E}.Release|iPhoneSimulator.ActiveCfg = Release|Any CPU
		{32A6C849-DC07-4EB9-89DD-8CF82FF0995E}.Release|iPhoneSimulator.Build.0 = Release|Any CPU
		{32A6C849-DC07-4EB9-89DD-8CF82FF0995E}.Debug|iPhone.ActiveCfg = Debug|Any CPU
		{32A6C849-DC07-4EB9-89DD-8CF82FF0995E}.Debug|iPhone.Build.0 = Debug|Any CPU
	EndGlobalSection
EndGlobal
